{
    "name": "app-service-hello-world",
    "version": "0.0.1",
    "lockfileVersion": 1,
    "requires": true,
    "dependencies": {
        "pdf-poppler": {
            "version": "0.2.1",
            "resolved": "https://registry.npmjs.org/pdf-poppler/-/pdf-poppler-0.2.1.tgz",
            "integrity": "sha512-ilrm02mfsha1pR1wmiVKNRIkjvSo70gorg3DIPOzCl6pFU5S39z+gTHLiwIKn808H4YVYVnm6JstUhGNfiGKXg=="
        }
    }
}
